{
  "requires": true,
  "lockfileVersion": 1,
  "dependencies": {
    "@liquid-carrot/carrot": {
      "version": "0.2.27",
      "resolved": "https://registry.npmjs.org/@liquid-carrot/carrot/-/carrot-0.2.27.tgz",
      "integrity": "sha512-aKi8Yap9ESMRfgaQc/byJsaqlFnZEm9k5jrc/UUsV5dqiVOnY106ifOwn6CW4R8voC/Iphse3CpII5wpwi5y5Q==",
      "requires": {
        "bignumber.js": "^8.1.1",
        "lodash": "^4.17.11"
      }
   
    }
  }
}
